
Microsoft Visual Studio Solution File, Format Version 12.00
# Visual Studio 15
Project("{FAE04EC0-301F-11D3-BF4B-00C04F79EFBC}") = "Assembly-CSharp", "Assembly-CSharp.csproj", "{8513B4BA-B40C-80D0-1087-E4FBF499D794}"
EndProject
Project("{FAE04EC0-301F-11D3-BF4B-00C04F79EFBC}") = "AstarPathfindingProject", "AstarPathfindingProject.csproj", "{8D280AF8-10D2-9739-50E7-C908084B253D}"
EndProject
Project("{FAE04EC0-301F-11D3-BF4B-00C04F79EFBC}") = "Unity.2D.Animation.Samples.Runtime", "Unity.2D.Animation.Samples.Runtime.csproj", "{8121D990-103F-912E-4E39-1E8B6B1F9F52}"
EndProject
Project("{FAE04EC0-301F-11D3-BF4B-00C04F79EFBC}") = "Unity.2D.Animation.Samples.Dependency", "Unity.2D.Animation.Samples.Dependency.csproj", "{29A18FAA-208A-D9BD-ACE5-0F637A803B58}"
EndProject
Project("{FAE04EC0-301F-11D3-BF4B-00C04F79EFBC}") = "AstarPathfindingProjectEditor", "AstarPathfindingProjectEditor.csproj", "{87D19B7D-861C-E27F-CD92-69D4DE91572E}"
EndProject
Project("{FAE04EC0-301F-11D3-BF4B-00C04F79EFBC}") = "PackageToolsEditor", "PackageToolsEditor.csproj", "{7A3D4F1C-335C-8453-3537-EC483B6BD133}"
EndProject
Project("{FAE04EC0-301F-11D3-BF4B-00C04F79EFBC}") = "Assembly-CSharp-Editor", "Assembly-CSharp-Editor.csproj", "{62B9753A-C955-E98A-4ED3-7E01E0FB6915}"
EndProject
Project("{FAE04EC0-301F-11D3-BF4B-00C04F79EFBC}") = "Unity.2D.Animation.Samples.Editor", "Unity.2D.Animation.Samples.Editor.csproj", "{DC396E73-346E-A1E5-4283-063DD5E70734}"
EndProject
Global
	GlobalSection(SolutionConfigurationPlatforms) = preSolution
		Debug|Any CPU = Debug|Any CPU
		Release|Any CPU = Release|Any CPU
	EndGlobalSection
	GlobalSection(ProjectConfigurationPlatforms) = postSolution
		{8513B4BA-B40C-80D0-1087-E4FBF499D794}.Debug|Any CPU.ActiveCfg = Debug|Any CPU
		{8513B4BA-B40C-80D0-1087-E4FBF499D794}.Debug|Any CPU.Build.0 = Debug|Any CPU
		{8513B4BA-B40C-80D0-1087-E4FBF499D794}.Release|Any CPU.ActiveCfg = Release|Any CPU
		{8513B4BA-B40C-80D0-1087-E4FBF499D794}.Release|Any CPU.Build.0 = Release|Any CPU
		{8D280AF8-10D2-9739-50E7-C908084B253D}.Debug|Any CPU.ActiveCfg = Debug|Any CPU
		{8D280AF8-10D2-9739-50E7-C908084B253D}.Debug|Any CPU.Build.0 = Debug|Any CPU
		{8D280AF8-10D2-9739-50E7-C908084B253D}.Release|Any CPU.ActiveCfg = Release|Any CPU
		{8D280AF8-10D2-9739-50E7-C908084B253D}.Release|Any CPU.Build.0 = Release|Any CPU
		{8121D990-103F-912E-4E39-1E8B6B1F9F52}.Debug|Any CPU.ActiveCfg = Debug|Any CPU
		{8121D990-103F-912E-4E39-1E8B6B1F9F52}.Debug|Any CPU.Build.0 = Debug|Any CPU
		{8121D990-103F-912E-4E39-1E8B6B1F9F52}.Release|Any CPU.ActiveCfg = Release|Any CPU
		{8121D990-103F-912E-4E39-1E8B6B1F9F52}.Release|Any CPU.Build.0 = Release|Any CPU
		{29A18FAA-208A-D9BD-ACE5-0F637A803B58}.Debug|Any CPU.ActiveCfg = Debug|Any CPU
		{29A18FAA-208A-D9BD-ACE5-0F637A803B58}.Debug|Any CPU.Build.0 = Debug|Any CPU
		{29A18FAA-208A-D9BD-ACE5-0F637A803B58}.Release|Any CPU.ActiveCfg = Release|Any CPU
		{29A18FAA-208A-D9BD-ACE5-0F637A803B58}.Release|Any CPU.Build.0 = Release|Any CPU
		{87D19B7D-861C-E27F-CD92-69D4DE91572E}.Debug|Any CPU.ActiveCfg = Debug|Any CPU
		{87D19B7D-861C-E27F-CD92-69D4DE91572E}.Debug|Any CPU.Build.0 = Debug|Any CPU
		{87D19B7D-861C-E27F-CD92-69D4DE91572E}.Release|Any CPU.ActiveCfg = Release|Any CPU
		{87D19B7D-861C-E27F-CD92-69D4DE91572E}.Release|Any CPU.Build.0 = Release|Any CPU
		{7A3D4F1C-335C-8453-3537-EC483B6BD133}.Debug|Any CPU.ActiveCfg = Debug|Any CPU
		{7A3D4F1C-335C-8453-3537-EC483B6BD133}.Debug|Any CPU.Build.0 = Debug|Any CPU
		{7A3D4F1C-335C-8453-3537-EC483B6BD133}.Release|Any CPU.ActiveCfg = Release|Any CPU
		{7A3D4F1C-335C-8453-3537-EC483B6BD133}.Release|Any CPU.Build.0 = Release|Any CPU
		{62B9753A-C955-E98A-4ED3-7E01E0FB6915}.Debug|Any CPU.ActiveCfg = Debug|Any CPU
		{62B9753A-C955-E98A-4ED3-7E01E0FB6915}.Debug|Any CPU.Build.0 = Debug|Any CPU
		{62B9753A-C955-E98A-4ED3-7E01E0FB6915}.Release|Any CPU.ActiveCfg = Release|Any CPU
		{62B9753A-C955-E98A-4ED3-7E01E0FB6915}.Release|Any CPU.Build.0 = Release|Any CPU
		{DC396E73-346E-A1E5-4283-063DD5E70734}.Debug|Any CPU.ActiveCfg = Debug|Any CPU
		{DC396E73-346E-A1E5-4283-063DD5E70734}.Debug|Any CPU.Build.0 = Debug|Any CPU
		{DC396E73-346E-A1E5-4283-063DD5E70734}.Release|Any CPU.ActiveCfg = Release|Any CPU
		{DC396E73-346E-A1E5-4283-063DD5E70734}.Release|Any CPU.Build.0 = Release|Any CPU
	EndGlobalSection
	GlobalSection(SolutionProperties) = preSolution
		HideSolutionNode = FALSE
	EndGlobalSection
EndGlobal
